{
  "name": "mobyscript-dark",
  "version": "0.0.2",
  "lockfileVersion": 3,
  "requires": true,
  "packages": {
    "": {
      "name": "mobyscript-dark",
      "version": "0.0.2",
      "dependencies": {
        "mobyscript-dark": "file:"
      },
      "engines": {
        "vscode": "^1.92.0"
      }
    },
    "node_modules/mobyscript-dark": {
      "resolved": "",
      "link": true
    }
  }
}
